
Microsoft Visual Studio Solution File, Format Version 12.00
Project("{FAE04EC0-301F-11D3-BF4B-00C04F79EFBC}") = "YFruit", "YFruit\YFruit.csproj", "{A78087F9-7DC3-40DF-864E-0BF44CA773D6}"
EndProject
Project("{FAE04EC0-301F-11D3-BF4B-00C04F79EFBC}") = "Data", "Data\Data.csproj", "{A736928D-A2A8-4BB3-A56A-DEBA210F55A8}"
EndProject
Project("{FAE04EC0-301F-11D3-BF4B-00C04F79EFBC}") = "Application", "Application\Application.csproj", "{7CBFE331-F163-40B6-9EBC-D7D9DC602B31}"
EndProject
Project("{2150E333-8FDC-42A3-9474-1A3956D46DE8}") = "00_Data", "00_Data", "{7594FF08-71B3-4EFE-8F2C-31AFE0BDF390}"
EndProject
Project("{2150E333-8FDC-42A3-9474-1A3956D46DE8}") = "01_Application", "01_Application", "{F98B84A8-7E1B-4CAB-8B18-CD428E993D31}"
EndProject
Project("{FAE04EC0-301F-11D3-BF4B-00C04F79EFBC}") = "Data.Abstractions", "Data.Abstractions\Data.Abstractions.csproj", "{5878793A-CA06-4170-A58F-F06CCA174F8D}"
EndProject
Project("{FAE04EC0-301F-11D3-BF4B-00C04F79EFBC}") = "Application.Abstractions", "Application.Abstractions\Application.Abstractions.csproj", "{054798DE-E7E8-49D5-A8B5-DD853CB81F9B}"
EndProject
Project("{2150E333-8FDC-42A3-9474-1A3956D46DE8}") = "99_Tests", "99_Tests", "{431D3135-40D1-4198-A0E9-A3DD7302C571}"
EndProject
Project("{FAE04EC0-301F-11D3-BF4B-00C04F79EFBC}") = "Data.Test", "Data.Test\Data.Test.csproj", "{03E6048E-946B-496D-A196-5BE0E3F1E8EF}"
EndProject
Project("{FAE04EC0-301F-11D3-BF4B-00C04F79EFBC}") = "Api", "Api\Api.csproj", "{364F3D67-0826-4451-80B8-F2E07CB88ABA}"
EndProject
Project("{FAE04EC0-301F-11D3-BF4B-00C04F79EFBC}") = "Application.Test", "Application.Test\Application.Test.csproj", "{8D980E37-19A4-4539-8650-86E858739D43}"
EndProject
Global
	GlobalSection(SolutionConfigurationPlatforms) = preSolution
		Debug|Any CPU = Debug|Any CPU
		Release|Any CPU = Release|Any CPU
	EndGlobalSection
	GlobalSection(ProjectConfigurationPlatforms) = postSolution
		{A78087F9-7DC3-40DF-864E-0BF44CA773D6}.Debug|Any CPU.ActiveCfg = Debug|Any CPU
		{A78087F9-7DC3-40DF-864E-0BF44CA773D6}.Debug|Any CPU.Build.0 = Debug|Any CPU
		{A78087F9-7DC3-40DF-864E-0BF44CA773D6}.Release|Any CPU.ActiveCfg = Release|Any CPU
		{A78087F9-7DC3-40DF-864E-0BF44CA773D6}.Release|Any CPU.Build.0 = Release|Any CPU
		{A736928D-A2A8-4BB3-A56A-DEBA210F55A8}.Debug|Any CPU.ActiveCfg = Debug|Any CPU
		{A736928D-A2A8-4BB3-A56A-DEBA210F55A8}.Debug|Any CPU.Build.0 = Debug|Any CPU
		{A736928D-A2A8-4BB3-A56A-DEBA210F55A8}.Release|Any CPU.ActiveCfg = Release|Any CPU
		{A736928D-A2A8-4BB3-A56A-DEBA210F55A8}.Release|Any CPU.Build.0 = Release|Any CPU
		{7CBFE331-F163-40B6-9EBC-D7D9DC602B31}.Debug|Any CPU.ActiveCfg = Debug|Any CPU
		{7CBFE331-F163-40B6-9EBC-D7D9DC602B31}.Debug|Any CPU.Build.0 = Debug|Any CPU
		{7CBFE331-F163-40B6-9EBC-D7D9DC602B31}.Release|Any CPU.ActiveCfg = Release|Any CPU
		{7CBFE331-F163-40B6-9EBC-D7D9DC602B31}.Release|Any CPU.Build.0 = Release|Any CPU
		{5878793A-CA06-4170-A58F-F06CCA174F8D}.Debug|Any CPU.ActiveCfg = Debug|Any CPU
		{5878793A-CA06-4170-A58F-F06CCA174F8D}.Debug|Any CPU.Build.0 = Debug|Any CPU
		{5878793A-CA06-4170-A58F-F06CCA174F8D}.Release|Any CPU.ActiveCfg = Release|Any CPU
		{5878793A-CA06-4170-A58F-F06CCA174F8D}.Release|Any CPU.Build.0 = Release|Any CPU
		{054798DE-E7E8-49D5-A8B5-DD853CB81F9B}.Debug|Any CPU.ActiveCfg = Debug|Any CPU
		{054798DE-E7E8-49D5-A8B5-DD853CB81F9B}.Debug|Any CPU.Build.0 = Debug|Any CPU
		{054798DE-E7E8-49D5-A8B5-DD853CB81F9B}.Release|Any CPU.ActiveCfg = Release|Any CPU
		{054798DE-E7E8-49D5-A8B5-DD853CB81F9B}.Release|Any CPU.Build.0 = Release|Any CPU
		{03E6048E-946B-496D-A196-5BE0E3F1E8EF}.Debug|Any CPU.ActiveCfg = Debug|Any CPU
		{03E6048E-946B-496D-A196-5BE0E3F1E8EF}.Debug|Any CPU.Build.0 = Debug|Any CPU
		{03E6048E-946B-496D-A196-5BE0E3F1E8EF}.Release|Any CPU.ActiveCfg = Release|Any CPU
		{03E6048E-946B-496D-A196-5BE0E3F1E8EF}.Release|Any CPU.Build.0 = Release|Any CPU
		{364F3D67-0826-4451-80B8-F2E07CB88ABA}.Debug|Any CPU.ActiveCfg = Debug|Any CPU
		{364F3D67-0826-4451-80B8-F2E07CB88ABA}.Debug|Any CPU.Build.0 = Debug|Any CPU
		{364F3D67-0826-4451-80B8-F2E07CB88ABA}.Release|Any CPU.ActiveCfg = Release|Any CPU
		{364F3D67-0826-4451-80B8-F2E07CB88ABA}.Release|Any CPU.Build.0 = Release|Any CPU
		{8D980E37-19A4-4539-8650-86E858739D43}.Debug|Any CPU.ActiveCfg = Debug|Any CPU
		{8D980E37-19A4-4539-8650-86E858739D43}.Debug|Any CPU.Build.0 = Debug|Any CPU
		{8D980E37-19A4-4539-8650-86E858739D43}.Release|Any CPU.ActiveCfg = Release|Any CPU
		{8D980E37-19A4-4539-8650-86E858739D43}.Release|Any CPU.Build.0 = Release|Any CPU
	EndGlobalSection
	GlobalSection(NestedProjects) = preSolution
		{A736928D-A2A8-4BB3-A56A-DEBA210F55A8} = {7594FF08-71B3-4EFE-8F2C-31AFE0BDF390}
		{7CBFE331-F163-40B6-9EBC-D7D9DC602B31} = {F98B84A8-7E1B-4CAB-8B18-CD428E993D31}
		{5878793A-CA06-4170-A58F-F06CCA174F8D} = {7594FF08-71B3-4EFE-8F2C-31AFE0BDF390}
		{054798DE-E7E8-49D5-A8B5-DD853CB81F9B} = {F98B84A8-7E1B-4CAB-8B18-CD428E993D31}
		{03E6048E-946B-496D-A196-5BE0E3F1E8EF} = {431D3135-40D1-4198-A0E9-A3DD7302C571}
		{8D980E37-19A4-4539-8650-86E858739D43} = {431D3135-40D1-4198-A0E9-A3DD7302C571}
	EndGlobalSection
EndGlobal
